
Microsoft Visual Studio Solution File, Format Version 12.00
# Visual Studio Version 17
VisualStudioVersion = 17.14.36408.4
MinimumVisualStudioVersion = 10.0.40219.1
Project("{FAE04EC0-301F-11D3-BF4B-00C04F79EFBC}") = "StacjaPogodowa", "StacjaPogodowa\StacjaPogodowa.csproj", "{B63752D9-BF3D-4C77-A4AA-7CE0F32C42E4}"
EndProject
Project("{FAE04EC0-301F-11D3-BF4B-00C04F79EFBC}") = "Database", "Database\Database.csproj", "{7A261A08-0BA9-4368-BC0B-6972827FE906}"
EndProject
Global
	GlobalSection(SolutionConfigurationPlatforms) = preSolution
		Debug|Any CPU = Debug|Any CPU
		Release|Any CPU = Release|Any CPU
	EndGlobalSection
	GlobalSection(ProjectConfigurationPlatforms) = postSolution
		{B63752D9-BF3D-4C77-A4AA-7CE0F32C42E4}.Debug|Any CPU.ActiveCfg = Debug|Any CPU
		{B63752D9-BF3D-4C77-A4AA-7CE0F32C42E4}.Debug|Any CPU.Build.0 = Debug|Any CPU
		{B63752D9-BF3D-4C77-A4AA-7CE0F32C42E4}.Release|Any CPU.ActiveCfg = Release|Any CPU
		{B63752D9-BF3D-4C77-A4AA-7CE0F32C42E4}.Release|Any CPU.Build.0 = Release|Any CPU
		{7A261A08-0BA9-4368-BC0B-6972827FE906}.Debug|Any CPU.ActiveCfg = Debug|Any CPU
		{7A261A08-0BA9-4368-BC0B-6972827FE906}.Debug|Any CPU.Build.0 = Debug|Any CPU
		{7A261A08-0BA9-4368-BC0B-6972827FE906}.Release|Any CPU.ActiveCfg = Release|Any CPU
		{7A261A08-0BA9-4368-BC0B-6972827FE906}.Release|Any CPU.Build.0 = Release|Any CPU
	EndGlobalSection
	GlobalSection(SolutionProperties) = preSolution
		HideSolutionNode = FALSE
	EndGlobalSection
	GlobalSection(ExtensibilityGlobals) = postSolution
		SolutionGuid = {E6248910-5BFE-495D-8ACC-7A931E175975}
	EndGlobalSection
EndGlobal
